# Comad World Lockfile
# Pinned SHAs for each module. Regenerated by `scripts/upgrade.sh --lock`.
# Generated: 2026-04-14T12:11:33Z

main:
  repo: comad-world
  branch: main
  sha: b336c04359b00d59a1713551cc5babaddd51a027

# mono-repo (ADR 0011): modules are directories under main repo.
modules: mono-repo
