# Comad World Lockfile
# Pinned SHAs for each module. Regenerated by `scripts/upgrade.sh --lock`.
# Generated: 2026-04-14T01:42:35Z

main:
  repo: comad-world
  branch: main
  sha: 120118054e636b719055571ce2aa776d360730dd

modules:
  brain:
    remote: https://github.com/kinkos1234/comad-brain.git
    branch: master
    sha: 8874f28dbaba255e454909f6e930ebf6d5f928ce
  ear:
    remote: https://github.com/kinkos1234/comad-ear.git
    branch: master
    sha: 5d7da687368d85f562e0649aef0656e13d6e3c17
  eye:
    remote: https://github.com/kinkos1234/comad-eye.git
    branch: master
    sha: b6e83278d17494fe6533dc9c651d84326f68ef3c
  photo:
    remote: https://github.com/kinkos1234/comad-photo.git
    branch: master
    sha: ae998260fa55bb0127cbb4052083d8a110f082cb
  sleep:
    remote: https://github.com/kinkos1234/comad-sleep.git
    branch: main
    sha: 00441a7310fbc2d7819cade40a10cc5388a84c9d
  voice:
    remote: https://github.com/kinkos1234/comad-voice.git
    branch: main
    sha: 535f04ab577d2b802f2e0231a9f79862ba6d4a3a
