# Comad World Lockfile
# Pinned SHAs for each module. Regenerated by `scripts/upgrade.sh --lock`.
# Generated: 2026-04-14T11:34:38Z

main:
  repo: comad-world
  branch: main
  sha: c6870aadacf5582684e2940d2f2b5a78f0ec22d5

modules:
  brain:
    remote: https://github.com/kinkos1234/comad-brain.git
    branch: master
    sha: f5222e7ada7547765599cc4e543aa4bff702db95
  ear:
    remote: https://github.com/kinkos1234/comad-ear.git
    branch: master
    sha: 94fc6db476c209fd2573fcaa32fadd8d11689963
  eye:
    remote: https://github.com/kinkos1234/comad-eye.git
    branch: master
    sha: 56a168f2e4f053483217469e45d5b8ee1f0ecb11
  photo:
    remote: https://github.com/kinkos1234/comad-photo.git
    branch: master
    sha: ae998260fa55bb0127cbb4052083d8a110f082cb
  sleep:
    remote: https://github.com/kinkos1234/comad-sleep.git
    branch: main
    sha: 00441a7310fbc2d7819cade40a10cc5388a84c9d
  voice:
    remote: https://github.com/kinkos1234/comad-voice.git
    branch: main
    sha: 535f04ab577d2b802f2e0231a9f79862ba6d4a3a
